
Microsoft Visual Studio Solution File, Format Version 12.00
# Visual Studio Version 17
VisualStudioVersion = 17.7.34221.43
MinimumVisualStudioVersion = 10.0.40219.1
Project("{FAE04EC0-301F-11D3-BF4B-00C04F79EFBC}") = "HomeBuch", "HomeBuch.csproj", "{06D58627-7586-44BF-9FDB-A2FC5A8182FF}"
EndProject
Global
	GlobalSection(SolutionConfigurationPlatforms) = preSolution
		Debug|Any CPU = Debug|Any CPU
		Release|Any CPU = Release|Any CPU
	EndGlobalSection
	GlobalSection(ProjectConfigurationPlatforms) = postSolution
		{06D58627-7586-44BF-9FDB-A2FC5A8182FF}.Debug|Any CPU.ActiveCfg = Debug|Any CPU
		{06D58627-7586-44BF-9FDB-A2FC5A8182FF}.Debug|Any CPU.Build.0 = Debug|Any CPU
		{06D58627-7586-44BF-9FDB-A2FC5A8182FF}.Release|Any CPU.ActiveCfg = Release|Any CPU
		{06D58627-7586-44BF-9FDB-A2FC5A8182FF}.Release|Any CPU.Build.0 = Release|Any CPU
	EndGlobalSection
	GlobalSection(SolutionProperties) = preSolution
		HideSolutionNode = FALSE
	EndGlobalSection
	GlobalSection(ExtensibilityGlobals) = postSolution
		SolutionGuid = {3A909C66-415E-416E-B886-084F6B332E5B}
	EndGlobalSection
EndGlobal
